
Microsoft Visual Studio Solution File, Format Version 12.00
# Visual Studio 15
VisualStudioVersion = 15.0.28307.168
MinimumVisualStudioVersion = 10.0.40219.1
Project("{FAE04EC0-301F-11D3-BF4B-00C04F79EFBC}") = "Unmanaged", "Unmanaged\Unmanaged.csproj", "{7677D717-AC2B-4F46-86CF-DE7FCD11ADFF}"
EndProject
Project("{FAE04EC0-301F-11D3-BF4B-00C04F79EFBC}") = "Unmanaged.Tests", "Unmanaged.Tests\Unmanaged.Tests.csproj", "{492755A5-6D4E-4225-8EFE-06E086565FD7}"
EndProject
Global
	GlobalSection(SolutionConfigurationPlatforms) = preSolution
		Debug|Any CPU = Debug|Any CPU
		Release|Any CPU = Release|Any CPU
	EndGlobalSection
	GlobalSection(ProjectConfigurationPlatforms) = postSolution
		{7677D717-AC2B-4F46-86CF-DE7FCD11ADFF}.Debug|Any CPU.ActiveCfg = Debug|Any CPU
		{7677D717-AC2B-4F46-86CF-DE7FCD11ADFF}.Debug|Any CPU.Build.0 = Debug|Any CPU
		{7677D717-AC2B-4F46-86CF-DE7FCD11ADFF}.Release|Any CPU.ActiveCfg = Release|Any CPU
		{7677D717-AC2B-4F46-86CF-DE7FCD11ADFF}.Release|Any CPU.Build.0 = Release|Any CPU
		{492755A5-6D4E-4225-8EFE-06E086565FD7}.Debug|Any CPU.ActiveCfg = Debug|Any CPU
		{492755A5-6D4E-4225-8EFE-06E086565FD7}.Debug|Any CPU.Build.0 = Debug|Any CPU
		{492755A5-6D4E-4225-8EFE-06E086565FD7}.Release|Any CPU.ActiveCfg = Release|Any CPU
		{492755A5-6D4E-4225-8EFE-06E086565FD7}.Release|Any CPU.Build.0 = Release|Any CPU
	EndGlobalSection
	GlobalSection(SolutionProperties) = preSolution
		HideSolutionNode = FALSE
	EndGlobalSection
	GlobalSection(ExtensibilityGlobals) = postSolution
		SolutionGuid = {9DD887C5-FC5C-46AF-8719-1A80A94C2302}
	EndGlobalSection
EndGlobal
