
Microsoft Visual Studio Solution File, Format Version 12.00
# Visual Studio 15
VisualStudioVersion = 15.0.28307.168
MinimumVisualStudioVersion = 10.0.40219.1
Project("{FAE04EC0-301F-11D3-BF4B-00C04F79EFBC}") = "Task1", "Task1\Task1.csproj", "{045DAE2A-CEE9-437A-9F6B-F682E7EE50E7}"
EndProject
Project("{FAE04EC0-301F-11D3-BF4B-00C04F79EFBC}") = "Task2", "Task2\Task2.csproj", "{3F67F73E-A813-4823-B9C7-E3B8B56F7BA6}"
EndProject
Project("{FAE04EC0-301F-11D3-BF4B-00C04F79EFBC}") = "Task3", "Task3\Task3.csproj", "{71AF5A27-2D84-43D5-B7D1-0DDB04D1AB10}"
EndProject
Project("{FAE04EC0-301F-11D3-BF4B-00C04F79EFBC}") = "Task3.Core", "Task3.Core\Task3.Core.csproj", "{9750ECB1-66BA-47C0-8D49-13F614CF9E70}"
EndProject
Global
	GlobalSection(SolutionConfigurationPlatforms) = preSolution
		Debug|Any CPU = Debug|Any CPU
		Release|Any CPU = Release|Any CPU
	EndGlobalSection
	GlobalSection(ProjectConfigurationPlatforms) = postSolution
		{045DAE2A-CEE9-437A-9F6B-F682E7EE50E7}.Debug|Any CPU.ActiveCfg = Debug|Any CPU
		{045DAE2A-CEE9-437A-9F6B-F682E7EE50E7}.Debug|Any CPU.Build.0 = Debug|Any CPU
		{045DAE2A-CEE9-437A-9F6B-F682E7EE50E7}.Release|Any CPU.ActiveCfg = Release|Any CPU
		{045DAE2A-CEE9-437A-9F6B-F682E7EE50E7}.Release|Any CPU.Build.0 = Release|Any CPU
		{3F67F73E-A813-4823-B9C7-E3B8B56F7BA6}.Debug|Any CPU.ActiveCfg = Debug|Any CPU
		{3F67F73E-A813-4823-B9C7-E3B8B56F7BA6}.Debug|Any CPU.Build.0 = Debug|Any CPU
		{3F67F73E-A813-4823-B9C7-E3B8B56F7BA6}.Release|Any CPU.ActiveCfg = Release|Any CPU
		{3F67F73E-A813-4823-B9C7-E3B8B56F7BA6}.Release|Any CPU.Build.0 = Release|Any CPU
		{71AF5A27-2D84-43D5-B7D1-0DDB04D1AB10}.Debug|Any CPU.ActiveCfg = Debug|Any CPU
		{71AF5A27-2D84-43D5-B7D1-0DDB04D1AB10}.Debug|Any CPU.Build.0 = Debug|Any CPU
		{71AF5A27-2D84-43D5-B7D1-0DDB04D1AB10}.Release|Any CPU.ActiveCfg = Release|Any CPU
		{71AF5A27-2D84-43D5-B7D1-0DDB04D1AB10}.Release|Any CPU.Build.0 = Release|Any CPU
		{9750ECB1-66BA-47C0-8D49-13F614CF9E70}.Debug|Any CPU.ActiveCfg = Debug|Any CPU
		{9750ECB1-66BA-47C0-8D49-13F614CF9E70}.Debug|Any CPU.Build.0 = Debug|Any CPU
		{9750ECB1-66BA-47C0-8D49-13F614CF9E70}.Release|Any CPU.ActiveCfg = Release|Any CPU
		{9750ECB1-66BA-47C0-8D49-13F614CF9E70}.Release|Any CPU.Build.0 = Release|Any CPU
	EndGlobalSection
	GlobalSection(SolutionProperties) = preSolution
		HideSolutionNode = FALSE
	EndGlobalSection
	GlobalSection(ExtensibilityGlobals) = postSolution
		SolutionGuid = {240DCD07-F909-445C-936F-E083D19B9616}
	EndGlobalSection
EndGlobal
