
Microsoft Visual Studio Solution File, Format Version 12.00
# Visual Studio 15
VisualStudioVersion = 15.0.28307.168
MinimumVisualStudioVersion = 10.0.40219.1
Project("{9A19103F-16F7-4668-BE54-9A1E7A4F7556}") = "MonitoringServer", "MonitoringServer\MonitoringServer.csproj", "{705E6E7D-2868-47D5-A45A-600C2E7831CA}"
EndProject
Project("{FAE04EC0-301F-11D3-BF4B-00C04F79EFBC}") = "HandlerTopshelfService", "HandlerTopshelfService\HandlerTopshelfService.csproj", "{D385E1AD-B033-436D-8A5E-22D6C7ED31A8}"
EndProject
Project("{FAE04EC0-301F-11D3-BF4B-00C04F79EFBC}") = "GeneratorTopshelfService", "GeneratorTopshelfService\GeneratorTopshelfService.csproj", "{D77F6E85-8307-405C-A089-A6BF10A7C08C}"
EndProject
Project("{FAE04EC0-301F-11D3-BF4B-00C04F79EFBC}") = "Messages", "Messages\Messages.csproj", "{33CF094A-014F-4BFD-9540-CB6D6CF20BC5}"
EndProject
Global
	GlobalSection(SolutionConfigurationPlatforms) = preSolution
		Debug|Any CPU = Debug|Any CPU
		Release|Any CPU = Release|Any CPU
	EndGlobalSection
	GlobalSection(ProjectConfigurationPlatforms) = postSolution
		{705E6E7D-2868-47D5-A45A-600C2E7831CA}.Debug|Any CPU.ActiveCfg = Debug|Any CPU
		{705E6E7D-2868-47D5-A45A-600C2E7831CA}.Debug|Any CPU.Build.0 = Debug|Any CPU
		{705E6E7D-2868-47D5-A45A-600C2E7831CA}.Release|Any CPU.ActiveCfg = Release|Any CPU
		{705E6E7D-2868-47D5-A45A-600C2E7831CA}.Release|Any CPU.Build.0 = Release|Any CPU
		{D385E1AD-B033-436D-8A5E-22D6C7ED31A8}.Debug|Any CPU.ActiveCfg = Debug|Any CPU
		{D385E1AD-B033-436D-8A5E-22D6C7ED31A8}.Debug|Any CPU.Build.0 = Debug|Any CPU
		{D385E1AD-B033-436D-8A5E-22D6C7ED31A8}.Release|Any CPU.ActiveCfg = Release|Any CPU
		{D385E1AD-B033-436D-8A5E-22D6C7ED31A8}.Release|Any CPU.Build.0 = Release|Any CPU
		{D77F6E85-8307-405C-A089-A6BF10A7C08C}.Debug|Any CPU.ActiveCfg = Debug|Any CPU
		{D77F6E85-8307-405C-A089-A6BF10A7C08C}.Debug|Any CPU.Build.0 = Debug|Any CPU
		{D77F6E85-8307-405C-A089-A6BF10A7C08C}.Release|Any CPU.ActiveCfg = Release|Any CPU
		{D77F6E85-8307-405C-A089-A6BF10A7C08C}.Release|Any CPU.Build.0 = Release|Any CPU
		{33CF094A-014F-4BFD-9540-CB6D6CF20BC5}.Debug|Any CPU.ActiveCfg = Debug|Any CPU
		{33CF094A-014F-4BFD-9540-CB6D6CF20BC5}.Debug|Any CPU.Build.0 = Debug|Any CPU
		{33CF094A-014F-4BFD-9540-CB6D6CF20BC5}.Release|Any CPU.ActiveCfg = Release|Any CPU
		{33CF094A-014F-4BFD-9540-CB6D6CF20BC5}.Release|Any CPU.Build.0 = Release|Any CPU
	EndGlobalSection
	GlobalSection(SolutionProperties) = preSolution
		HideSolutionNode = FALSE
	EndGlobalSection
	GlobalSection(ExtensibilityGlobals) = postSolution
		SolutionGuid = {C36EBFC8-8CC9-4AD5-A1B9-16041D696C40}
	EndGlobalSection
EndGlobal
